
Microsoft Visual Studio Solution File, Format Version 12.00
# Visual Studio 15
VisualStudioVersion = 15.0.27703.2035
MinimumVisualStudioVersion = 10.0.40219.1
Project("{FAE04EC0-301F-11D3-BF4B-00C04F79EFBC}") = "Vidly", "Vidly\Vidly.csproj", "{FC3F20EC-E5F5-46C0-9ED3-D4D40E098491}"
EndProject
Global
	GlobalSection(SolutionConfigurationPlatforms) = preSolution
		Debug|Any CPU = Debug|Any CPU
		Release|Any CPU = Release|Any CPU
		Testing|Any CPU = Testing|Any CPU
	EndGlobalSection
	GlobalSection(ProjectConfigurationPlatforms) = postSolution
		{FC3F20EC-E5F5-46C0-9ED3-D4D40E098491}.Debug|Any CPU.ActiveCfg = Debug|Any CPU
		{FC3F20EC-E5F5-46C0-9ED3-D4D40E098491}.Debug|Any CPU.Build.0 = Debug|Any CPU
		{FC3F20EC-E5F5-46C0-9ED3-D4D40E098491}.Release|Any CPU.ActiveCfg = Release|Any CPU
		{FC3F20EC-E5F5-46C0-9ED3-D4D40E098491}.Release|Any CPU.Build.0 = Release|Any CPU
		{FC3F20EC-E5F5-46C0-9ED3-D4D40E098491}.Testing|Any CPU.ActiveCfg = Testing|Any CPU
		{FC3F20EC-E5F5-46C0-9ED3-D4D40E098491}.Testing|Any CPU.Build.0 = Testing|Any CPU
	EndGlobalSection
	GlobalSection(SolutionProperties) = preSolution
		HideSolutionNode = FALSE
	EndGlobalSection
	GlobalSection(ExtensibilityGlobals) = postSolution
		SolutionGuid = {2AA017A7-3161-4690-8F2C-92116804D0AA}
	EndGlobalSection
EndGlobal
